# This file was autogenerated by Stack.
# You should not edit this file by hand.
# For more information, please see the documentation at:
#   https://docs.haskellstack.org/en/stable/lock_files

snapshots:
- original: nightly-2021-09-09
  completed:
    sha256: b535252ce9c557e5f650bce9a78322138aa97733b3cf2066af16c5bf87acea83
    url: https://raw.githubusercontent.com/commercialhaskell/stackage-snapshots/master/nightly/2021/9/9.yaml
    size: 580404
packages: []
