# This file was autogenerated by Stack.
# You should not edit this file by hand.
# For more information, please see the documentation at:
#   https://docs.haskellstack.org/en/stable/lock_files

packages:
- completed:
    hackage: persistent-migration-0.3.0@sha256:1b28e22c2eeff694eed6835299b3a80104772d5d2262e6dbfa5c47d9e7594f59,3433
    pantry-tree:
      size: 1619
      sha256: dca2b30b726ac3ee8e5a556fe78f50c1714d3d8bf9c02b66f645de60b221f3b9
  original:
    hackage: persistent-migration-0.3.0@sha256:1b28e22c2eeff694eed6835299b3a80104772d5d2262e6dbfa5c47d9e7594f59,3433
snapshots:
- completed:
    size: 617368
    url: https://raw.githubusercontent.com/commercialhaskell/stackage-snapshots/master/lts/19/2.yaml
    sha256: e7e57649a12f6178d1158e4b6f1f1885ed56d210ae6174385271cecc9b1ea974
  original: lts-19.2
